packages:
  - name: dbt_utils
    package: dbt-labs/dbt_utils
    version: 1.3.2
  - name: codegen
    package: dbt-labs/codegen
    version: 0.14.0
  - name: dbt_snowflake_monitoring
    package: get-select/dbt_snowflake_monitoring
    version: 5.5.0
  - name: dbt_snowflake_query_tags
    package: get-select/dbt_snowflake_query_tags
    version: 2.5.4
sha1_hash: 20db4b094b6b0bd8c95b8d026fc3a6e4a32d8eef
